
Microsoft Visual Studio Solution File, Format Version 12.00
# Visual Studio Version 16
VisualStudioVersion = 16.0.30002.166
MinimumVisualStudioVersion = 10.0.40219.1
Project("{FAE04EC0-301F-11D3-BF4B-00C04F79EFBC}") = "ProteinDigestionSimulator.NET", "ProteinDigestionSimulator\ProteinDigestionSimulator.NET.csproj", "{50E90535-A587-4B20-B519-922B055580E1}"
EndProject
Project("{2150E333-8FDC-42A3-9474-1A3956D46DE8}") = "Solution Items", "Solution Items", "{87B14BB3-F849-428A-B7A0-DC89720A2AEA}"
	ProjectSection(SolutionItems) = preProject
		Readme.md = Readme.md
		RevisionHistory.txt = RevisionHistory.txt
	EndProjectSection
EndProject
Global
	GlobalSection(SolutionConfigurationPlatforms) = preSolution
		Debug|Any CPU = Debug|Any CPU
		Debug|x86 = Debug|x86
		Release|Any CPU = Release|Any CPU
		Release|x86 = Release|x86
	EndGlobalSection
	GlobalSection(ProjectConfigurationPlatforms) = postSolution
		{50E90535-A587-4B20-B519-922B055580E1}.Debug|Any CPU.ActiveCfg = Debug|Any CPU
		{50E90535-A587-4B20-B519-922B055580E1}.Debug|Any CPU.Build.0 = Debug|Any CPU
		{50E90535-A587-4B20-B519-922B055580E1}.Debug|x86.ActiveCfg = Debug|x86
		{50E90535-A587-4B20-B519-922B055580E1}.Release|Any CPU.ActiveCfg = Release|Any CPU
		{50E90535-A587-4B20-B519-922B055580E1}.Release|Any CPU.Build.0 = Release|Any CPU
		{50E90535-A587-4B20-B519-922B055580E1}.Release|x86.ActiveCfg = Release|x86
	EndGlobalSection
	GlobalSection(SolutionProperties) = preSolution
		HideSolutionNode = FALSE
	EndGlobalSection
	GlobalSection(ExtensibilityGlobals) = postSolution
		SolutionGuid = {34F61FA3-718C-45B1-BA3D-F922AA4534C8}
	EndGlobalSection
EndGlobal
